
Microsoft Visual Studio Solution File, Format Version 12.00
# Visual Studio Version 17
VisualStudioVersion = 17.3.32811.315
MinimumVisualStudioVersion = 10.0.40219.1
Project("{FAE04EC0-301F-11D3-BF4B-00C04F79EFBC}") = "Black jack 2.03", "Black jack 2.03\Black jack 2.03.csproj", "{AAC57ECF-3002-4E72-B193-81481AAEB096}"
EndProject
Global
	GlobalSection(SolutionConfigurationPlatforms) = preSolution
		Debug|Any CPU = Debug|Any CPU
		Release|Any CPU = Release|Any CPU
	EndGlobalSection
	GlobalSection(ProjectConfigurationPlatforms) = postSolution
		{AAC57ECF-3002-4E72-B193-81481AAEB096}.Debug|Any CPU.ActiveCfg = Debug|Any CPU
		{AAC57ECF-3002-4E72-B193-81481AAEB096}.Debug|Any CPU.Build.0 = Debug|Any CPU
		{AAC57ECF-3002-4E72-B193-81481AAEB096}.Release|Any CPU.ActiveCfg = Release|Any CPU
		{AAC57ECF-3002-4E72-B193-81481AAEB096}.Release|Any CPU.Build.0 = Release|Any CPU
	EndGlobalSection
	GlobalSection(SolutionProperties) = preSolution
		HideSolutionNode = FALSE
	EndGlobalSection
	GlobalSection(ExtensibilityGlobals) = postSolution
		SolutionGuid = {EBA4C8F9-401C-4549-8877-C985004B9CE7}
	EndGlobalSection
EndGlobal
